dependencies:
  espressif/arduino-foc:
    component_hash: 9fb94126efc8fbaf578b59ca9cec957df9a5e2a32af834c535c99f3858552af7
    dependencies:
    - name: idf
      require: private
      version: '>=4.4'
    source:
      registry_url: https://components.espressif.com
      type: service
    version: 2.4.0~1
  espressif/cjson:
    component_hash: e788323270d90738662d66fffa910bfe1fba019bba087f01557e70c40485b469
    dependencies:
    - name: idf
      require: private
      version: '>=5.0'
    source:
      registry_url: https://components.espressif.com/
      type: service
    version: 1.7.19~2
  espressif/cmake_utilities:
    component_hash: 05165f30922b422b4b90c08845e6d449329b97370fbd06309803d8cb539d79e3
    dependencies:
    - name: idf
      require: private
      version: '>=4.1'
    source:
      registry_url: https://components.espressif.com
      type: service
    version: 1.1.1
  espressif/esp_simplefoc:
    component_hash: 42ca89d9d4b9cf0d9d0e5ff82732247c42793a45a322d4f422878a6547ff6324
    dependencies:
    - name: espressif/arduino-foc
      registry_url: https://components.espressif.com
      require: public
      version: 2.4.*
    - name: espressif/iqmath
      registry_url: https://components.espressif.com
      require: private
      version: ^1.11.0
    - name: espressif/i2c_bus
      registry_url: https://components.espressif.com
      require: public
      version: 1.*
    - name: idf
      require: private
      version: '>=5.0'
    source:
      registry_url: https://components.espressif.com/
      type: service
    version: 1.4.1
  espressif/i2c_bus:
    component_hash: 483112c1619c54c38d0b734fb25f1678733267858a77b7af2f48cc7db6dbbd84
    dependencies:
    - name: espressif/cmake_utilities
      registry_url: https://components.espressif.com
      require: private
      version: '*'
    - name: idf
      require: private
      version: '>=4.0'
    source:
      registry_url: https://components.espressif.com
      type: service
    version: 1.5.2
  espressif/iqmath:
    component_hash: 39448db759b410373e543798167ca4670bbff3019cb290a2fe8e627221e71b9d
    dependencies:
    - name: idf
      require: private
      version: '>=4.4'
    source:
      registry_url: https://components.espressif.com
      type: service
    version: 1.11.0~1
  espressif/mdns:
    component_hash: 3ba256ac95e07c274be53cbd73f06cb846c403b61e8fbdf1be57bdb79db7a63e
    dependencies:
    - name: idf
      require: private
      version: '>=5.0'
    source:
      registry_url: https://components.espressif.com/
      type: service
    version: 1.12.0
  idf:
    source:
      type: idf
    version: 6.1.0
direct_dependencies:
- espressif/cjson
- espressif/esp_simplefoc
- espressif/mdns
- idf
manifest_hash: d847ec0f9bec8ac7862481dbbe757bb129e9fce97221663ee898c9d8971b528b
target: esp32
version: 3.0.0
